// !$*UTF8*$!
{
	archiveVersion = 1;
	classes = {
	};
	objectVersion = 46;
	objects = {

/* Begin PBXBuildFile section */
		5B0DA1341BEC540E00037BC8 /* ResultsViewController.swift in Sources */ = {isa = PBXBuildFile; fileRef = 5B0DA1331BEC540E00037BC8 /* ResultsViewController.swift */; };
		5B2686B31BE1CB4B008D5192 /* Main.storyboard in Resources */ = {isa = PBXBuildFile; fileRef = 5B2686B11BE1CB4B008D5192 /* Main.storyboard */; };
		5B2686C21BE1D6B9008D5192 /* FontAwesome.ttf in Resources */ = {isa = PBXBuildFile; fileRef = 5B2686B51BE1D6B9008D5192 /* FontAwesome.ttf */; };
		5B2686C31BE1D6B9008D5192 /* Lato-Black.ttf in Resources */ = {isa = PBXBuildFile; fileRef = 5B2686B61BE1D6B9008D5192 /* Lato-Black.ttf */; };
		5B2686C41BE1D6B9008D5192 /* Lato-BlackItalic.ttf in Resources */ = {isa = PBXBuildFile; fileRef = 5B2686B71BE1D6B9008D5192 /* Lato-BlackItalic.ttf */; };
		5B2686C51BE1D6B9008D5192 /* Lato-Bold.ttf in Resources */ = {isa = PBXBuildFile; fileRef = 5B2686B81BE1D6B9008D5192 /* Lato-Bold.ttf */; };
		5B2686C61BE1D6B9008D5192 /* Lato-BoldItalic.ttf in Resources */ = {isa = PBXBuildFile; fileRef = 5B2686B91BE1D6B9008D5192 /* Lato-BoldItalic.ttf */; };
		5B2686C71BE1D6B9008D5192 /* Lato-Hairline.ttf in Resources */ = {isa = PBXBuildFile; fileRef = 5B2686BA1BE1D6B9008D5192 /* Lato-Hairline.ttf */; };
		5B2686C81BE1D6B9008D5192 /* Lato-HairlineItalic.ttf in Resources */ = {isa = PBXBuildFile; fileRef = 5B2686BB1BE1D6B9008D5192 /* Lato-HairlineItalic.ttf */; };
		5B2686C91BE1D6B9008D5192 /* Lato-Italic.ttf in Resources */ = {isa = PBXBuildFile; fileRef = 5B2686BC1BE1D6B9008D5192 /* Lato-Italic.ttf */; };
		5B2686CA1BE1D6B9008D5192 /* Lato-Light.ttf in Resources */ = {isa = PBXBuildFile; fileRef = 5B2686BD1BE1D6B9008D5192 /* Lato-Light.ttf */; };
		5B2686CB1BE1D6B9008D5192 /* Lato-LightItalic.ttf in Resources */ = {isa = PBXBuildFile; fileRef = 5B2686BE1BE1D6B9008D5192 /* Lato-LightItalic.ttf */; };
		5B2686CC1BE1D6B9008D5192 /* Lato-Regular.ttf in Resources */ = {isa = PBXBuildFile; fileRef = 5B2686BF1BE1D6B9008D5192 /* Lato-Regular.ttf */; };
		5B2686CD1BE1D6B9008D5192 /* Montserrat-Bold.ttf in Resources */ = {isa = PBXBuildFile; fileRef = 5B2686C01BE1D6B9008D5192 /* Montserrat-Bold.ttf */; };
		5B2686CE1BE1D6B9008D5192 /* Montserrat-Regular.ttf in Resources */ = {isa = PBXBuildFile; fileRef = 5B2686C11BE1D6B9008D5192 /* Montserrat-Regular.ttf */; };
		5B3DD9BF1BE684A8002C9FD5 /* ExploreViewController.swift in Sources */ = {isa = PBXBuildFile; fileRef = 5B3DD9BE1BE684A8002C9FD5 /* ExploreViewController.swift */; };
		5B3DD9C11BE68896002C9FD5 /* Images.xcassets in Resources */ = {isa = PBXBuildFile; fileRef = 5B3DD9C01BE68896002C9FD5 /* Images.xcassets */; };
		5B64A85F1BDDA0AB00D5064F /* AppDelegate.swift in Sources */ = {isa = PBXBuildFile; fileRef = 5B64A85E1BDDA0AB00D5064F /* AppDelegate.swift */; };
		5B64A8611BDDA0AB00D5064F /* ViewController.swift in Sources */ = {isa = PBXBuildFile; fileRef = 5B64A8601BDDA0AB00D5064F /* ViewController.swift */; };
		5B64A8671BDDA0AB00D5064F /* QuickQuestionApp.xcdatamodeld in Sources */ = {isa = PBXBuildFile; fileRef = 5B64A8651BDDA0AB00D5064F /* QuickQuestionApp.xcdatamodeld */; };
		5B64A8691BDDA0AB00D5064F /* Assets.xcassets in Resources */ = {isa = PBXBuildFile; fileRef = 5B64A8681BDDA0AB00D5064F /* Assets.xcassets */; };
		5B64A86C1BDDA0AB00D5064F /* LaunchScreen.storyboard in Resources */ = {isa = PBXBuildFile; fileRef = 5B64A86A1BDDA0AB00D5064F /* LaunchScreen.storyboard */; };
		5B64A8771BDDA0AB00D5064F /* QuickQuestionAppTests.swift in Sources */ = {isa = PBXBuildFile; fileRef = 5B64A8761BDDA0AB00D5064F /* QuickQuestionAppTests.swift */; };
		5B64A8821BDDA0AC00D5064F /* QuickQuestionAppUITests.swift in Sources */ = {isa = PBXBuildFile; fileRef = 5B64A8811BDDA0AC00D5064F /* QuickQuestionAppUITests.swift */; };
		5B64A8AE1BDDE55300D5064F /* AsyncButton.swift in Sources */ = {isa = PBXBuildFile; fileRef = 5B64A8901BDDE55300D5064F /* AsyncButton.swift */; };
		5B64A8AF1BDDE55300D5064F /* AsyncImageView.swift in Sources */ = {isa = PBXBuildFile; fileRef = 5B64A8911BDDE55300D5064F /* AsyncImageView.swift */; };
		5B64A8B01BDDE55300D5064F /* AutoTextView.swift in Sources */ = {isa = PBXBuildFile; fileRef = 5B64A8921BDDE55300D5064F /* AutoTextView.swift */; };
		5B64A8B11BDDE55300D5064F /* BlurView.swift in Sources */ = {isa = PBXBuildFile; fileRef = 5B64A8931BDDE55300D5064F /* BlurView.swift */; };
		5B64A8B21BDDE55300D5064F /* DesignableButton.swift in Sources */ = {isa = PBXBuildFile; fileRef = 5B64A8941BDDE55300D5064F /* DesignableButton.swift */; };
		5B64A8B31BDDE55300D5064F /* DesignableImageView.swift in Sources */ = {isa = PBXBuildFile; fileRef = 5B64A8951BDDE55300D5064F /* DesignableImageView.swift */; };
		5B64A8B41BDDE55300D5064F /* DesignableLabel.swift in Sources */ = {isa = PBXBuildFile; fileRef = 5B64A8961BDDE55300D5064F /* DesignableLabel.swift */; };
		5B64A8B51BDDE55300D5064F /* DesignableTabBarController.swift in Sources */ = {isa = PBXBuildFile; fileRef = 5B64A8971BDDE55300D5064F /* DesignableTabBarController.swift */; };
		5B64A8B61BDDE55300D5064F /* DesignableTextField.swift in Sources */ = {isa = PBXBuildFile; fileRef = 5B64A8981BDDE55300D5064F /* DesignableTextField.swift */; };
		5B64A8B71BDDE55300D5064F /* DesignableTextView.swift in Sources */ = {isa = PBXBuildFile; fileRef = 5B64A8991BDDE55300D5064F /* DesignableTextView.swift */; };
		5B64A8B81BDDE55300D5064F /* DesignableView.swift in Sources */ = {isa = PBXBuildFile; fileRef = 5B64A89A1BDDE55300D5064F /* DesignableView.swift */; };
		5B64A8B91BDDE55300D5064F /* ImageLoader.swift in Sources */ = {isa = PBXBuildFile; fileRef = 5B64A89B1BDDE55300D5064F /* ImageLoader.swift */; };
		5B64A8BA1BDDE55300D5064F /* Info.plist in Resources */ = {isa = PBXBuildFile; fileRef = 5B64A89C1BDDE55300D5064F /* Info.plist */; };
		5B64A8BB1BDDE55300D5064F /* KeyboardLayoutConstraint.swift in Sources */ = {isa = PBXBuildFile; fileRef = 5B64A89D1BDDE55300D5064F /* KeyboardLayoutConstraint.swift */; };
		5B64A8BC1BDDE55300D5064F /* LoadingView.swift in Sources */ = {isa = PBXBuildFile; fileRef = 5B64A89E1BDDE55300D5064F /* LoadingView.swift */; };
		5B64A8BD1BDDE55300D5064F /* LoadingView.xib in Resources */ = {isa = PBXBuildFile; fileRef = 5B64A89F1BDDE55300D5064F /* LoadingView.xib */; };
		5B64A8BE1BDDE55300D5064F /* Misc.swift in Sources */ = {isa = PBXBuildFile; fileRef = 5B64A8A01BDDE55300D5064F /* Misc.swift */; };
		5B64A8BF1BDDE55300D5064F /* SoundPlayer.swift in Sources */ = {isa = PBXBuildFile; fileRef = 5B64A8A11BDDE55300D5064F /* SoundPlayer.swift */; };
		5B64A8C01BDDE55300D5064F /* Spring.swift in Sources */ = {isa = PBXBuildFile; fileRef = 5B64A8A31BDDE55300D5064F /* Spring.swift */; };
		5B64A8C11BDDE55300D5064F /* SpringAnimation.swift in Sources */ = {isa = PBXBuildFile; fileRef = 5B64A8A41BDDE55300D5064F /* SpringAnimation.swift */; };
		5B64A8C21BDDE55300D5064F /* SpringButton.swift in Sources */ = {isa = PBXBuildFile; fileRef = 5B64A8A51BDDE55300D5064F /* SpringButton.swift */; };
		5B64A8C31BDDE55300D5064F /* SpringImageView.swift in Sources */ = {isa = PBXBuildFile; fileRef = 5B64A8A61BDDE55300D5064F /* SpringImageView.swift */; };
		5B64A8C41BDDE55300D5064F /* SpringLabel.swift in Sources */ = {isa = PBXBuildFile; fileRef = 5B64A8A71BDDE55300D5064F /* SpringLabel.swift */; };
		5B64A8C51BDDE55300D5064F /* SpringTextField.swift in Sources */ = {isa = PBXBuildFile; fileRef = 5B64A8A81BDDE55300D5064F /* SpringTextField.swift */; };
		5B64A8C61BDDE55300D5064F /* SpringTextView.swift in Sources */ = {isa = PBXBuildFile; fileRef = 5B64A8A91BDDE55300D5064F /* SpringTextView.swift */; };
		5B64A8C71BDDE55300D5064F /* SpringView.swift in Sources */ = {isa = PBXBuildFile; fileRef = 5B64A8AA1BDDE55300D5064F /* SpringView.swift */; };
		5B64A8C81BDDE55300D5064F /* TransitionManager.swift in Sources */ = {isa = PBXBuildFile; fileRef = 5B64A8AB1BDDE55300D5064F /* TransitionManager.swift */; };
		5B64A8C91BDDE55300D5064F /* TransitionZoom.swift in Sources */ = {isa = PBXBuildFile; fileRef = 5B64A8AC1BDDE55300D5064F /* TransitionZoom.swift */; };
		5B64A8CA1BDDE55300D5064F /* UnwindSegue.swift in Sources */ = {isa = PBXBuildFile; fileRef = 5B64A8AD1BDDE55300D5064F /* UnwindSegue.swift */; };
/* End PBXBuildFile section */

/* Begin PBXContainerItemProxy section */
		5B64A8731BDDA0AB00D5064F /* PBXContainerItemProxy */ = {
			isa = PBXContainerItemProxy;
			containerPortal = 5B64A8531BDDA0AB00D5064F /* Project object */;
			proxyType = 1;
			remoteGlobalIDString = 5B64A85A1BDDA0AB00D5064F;
			remoteInfo = QuickQuestionApp;
		};
		5B64A87E1BDDA0AB00D5064F /* PBXContainerItemProxy */ = {
			isa = PBXContainerItemProxy;
			containerPortal = 5B64A8531BDDA0AB00D5064F /* Project object */;
			proxyType = 1;
			remoteGlobalIDString = 5B64A85A1BDDA0AB00D5064F;
			remoteInfo = QuickQuestionApp;
		};
/* End PBXContainerItemProxy section */

/* Begin PBXFileReference section */
		5B0DA1331BEC540E00037BC8 /* ResultsViewController.swift */ = {isa = PBXFileReference; fileEncoding = 4; lastKnownFileType = sourcecode.swift; path = ResultsViewController.swift; sourceTree = "<group>"; };
		5B2686B21BE1CB4B008D5192 /* Base */ = {isa = PBXFileReference; lastKnownFileType = file.storyboard; name = Base; path = Base.lproj/Main.storyboard; sourceTree = "<group>"; };
		5B2686B51BE1D6B9008D5192 /* FontAwesome.ttf */ = {isa = PBXFileReference; lastKnownFileType = file; path = FontAwesome.ttf; sourceTree = "<group>"; };
		5B2686B61BE1D6B9008D5192 /* Lato-Black.ttf */ = {isa = PBXFileReference; lastKnownFileType = file; path = "Lato-Black.ttf"; sourceTree = "<group>"; };
		5B2686B71BE1D6B9008D5192 /* Lato-BlackItalic.ttf */ = {isa = PBXFileReference; lastKnownFileType = file; path = "Lato-BlackItalic.ttf"; sourceTree = "<group>"; };
		5B2686B81BE1D6B9008D5192 /* Lato-Bold.ttf */ = {isa = PBXFileReference; lastKnownFileType = file; path = "Lato-Bold.ttf"; sourceTree = "<group>"; };
		5B2686B91BE1D6B9008D5192 /* Lato-BoldItalic.ttf */ = {isa = PBXFileReference; lastKnownFileType = file; path = "Lato-BoldItalic.ttf"; sourceTree = "<group>"; };
		5B2686BA1BE1D6B9008D5192 /* Lato-Hairline.ttf */ = {isa = PBXFileReference; lastKnownFileType = file; path = "Lato-Hairline.ttf"; sourceTree = "<group>"; };
		5B2686BB1BE1D6B9008D5192 /* Lato-HairlineItalic.ttf */ = {isa = PBXFileReference; lastKnownFileType = file; path = "Lato-HairlineItalic.ttf"; sourceTree = "<group>"; };
		5B2686BC1BE1D6B9008D5192 /* Lato-Italic.ttf */ = {isa = PBXFileReference; lastKnownFileType = file; path = "Lato-Italic.ttf"; sourceTree = "<group>"; };
		5B2686BD1BE1D6B9008D5192 /* Lato-Light.ttf */ = {isa = PBXFileReference; lastKnownFileType = file; path = "Lato-Light.ttf"; sourceTree = "<group>"; };
		5B2686BE1BE1D6B9008D5192 /* Lato-LightItalic.ttf */ = {isa = PBXFileReference; lastKnownFileType = file; path = "Lato-LightItalic.ttf"; sourceTree = "<group>"; };
		5B2686BF1BE1D6B9008D5192 /* Lato-Regular.ttf */ = {isa = PBXFileReference; lastKnownFileType = file; path = "Lato-Regular.ttf"; sourceTree = "<group>"; };
		5B2686C01BE1D6B9008D5192 /* Montserrat-Bold.ttf */ = {isa = PBXFileReference; lastKnownFileType = file; path = "Montserrat-Bold.ttf"; sourceTree = "<group>"; };
		5B2686C11BE1D6B9008D5192 /* Montserrat-Regular.ttf */ = {isa = PBXFileReference; lastKnownFileType = file; path = "Montserrat-Regular.ttf"; sourceTree = "<group>"; };
		5B3DD9BE1BE684A8002C9FD5 /* ExploreViewController.swift */ = {isa = PBXFileReference; fileEncoding = 4; lastKnownFileType = sourcecode.swift; path = ExploreViewController.swift; sourceTree = "<group>"; };
		5B3DD9C01BE68896002C9FD5 /* Images.xcassets */ = {isa = PBXFileReference; lastKnownFileType = folder.assetcatalog; path = Images.xcassets; sourceTree = "<group>"; };
		5B64A85B1BDDA0AB00D5064F /* QuickQuestionApp.app */ = {isa = PBXFileReference; explicitFileType = wrapper.application; includeInIndex = 0; path = QuickQuestionApp.app; sourceTree = BUILT_PRODUCTS_DIR; };
		5B64A85E1BDDA0AB00D5064F /* AppDelegate.swift */ = {isa = PBXFileReference; lastKnownFileType = sourcecode.swift; path = AppDelegate.swift; sourceTree = "<group>"; };
		5B64A8601BDDA0AB00D5064F /* ViewController.swift */ = {isa = PBXFileReference; lastKnownFileType = sourcecode.swift; path = ViewController.swift; sourceTree = "<group>"; };
		5B64A8661BDDA0AB00D5064F /* QuickQuestionApp.xcdatamodel */ = {isa = PBXFileReference; lastKnownFileType = wrapper.xcdatamodel; path = QuickQuestionApp.xcdatamodel; sourceTree = "<group>"; };
		5B64A8681BDDA0AB00D5064F /* Assets.xcassets */ = {isa = PBXFileReference; lastKnownFileType = folder.assetcatalog; path = Assets.xcassets; sourceTree = "<group>"; };
		5B64A86B1BDDA0AB00D5064F /* Base */ = {isa = PBXFileReference; lastKnownFileType = file.storyboard; name = Base; path = Base.lproj/LaunchScreen.storyboard; sourceTree = "<group>"; };
		5B64A86D1BDDA0AB00D5064F /* Info.plist */ = {isa = PBXFileReference; lastKnownFileType = text.plist.xml; path = Info.plist; sourceTree = "<group>"; };
		5B64A8721BDDA0AB00D5064F /* QuickQuestionAppTests.xctest */ = {isa = PBXFileReference; explicitFileType = wrapper.cfbundle; includeInIndex = 0; path = QuickQuestionAppTests.xctest; sourceTree = BUILT_PRODUCTS_DIR; };
		5B64A8761BDDA0AB00D5064F /* QuickQuestionAppTests.swift */ = {isa = PBXFileReference; lastKnownFileType = sourcecode.swift; path = QuickQuestionAppTests.swift; sourceTree = "<group>"; };
		5B64A8781BDDA0AB00D5064F /* Info.plist */ = {isa = PBXFileReference; lastKnownFileType = text.plist.xml; path = Info.plist; sourceTree = "<group>"; };
		5B64A87D1BDDA0AB00D5064F /* QuickQuestionAppUITests.xctest */ = {isa = PBXFileReference; explicitFileType = wrapper.cfbundle; includeInIndex = 0; path = QuickQuestionAppUITests.xctest; sourceTree = BUILT_PRODUCTS_DIR; };
		5B64A8811BDDA0AC00D5064F /* QuickQuestionAppUITests.swift */ = {isa = PBXFileReference; lastKnownFileType = sourcecode.swift; path = QuickQuestionAppUITests.swift; sourceTree = "<group>"; };
		5B64A8831BDDA0AC00D5064F /* Info.plist */ = {isa = PBXFileReference; lastKnownFileType = text.plist.xml; path = Info.plist; sourceTree = "<group>"; };
		5B64A8901BDDE55300D5064F /* AsyncButton.swift */ = {isa = PBXFileReference; fileEncoding = 4; lastKnownFileType = sourcecode.swift; path = AsyncButton.swift; sourceTree = "<group>"; };
		5B64A8911BDDE55300D5064F /* AsyncImageView.swift */ = {isa = PBXFileReference; fileEncoding = 4; lastKnownFileType = sourcecode.swift; path = AsyncImageView.swift; sourceTree = "<group>"; };
		5B64A8921BDDE55300D5064F /* AutoTextView.swift */ = {isa = PBXFileReference; fileEncoding = 4; lastKnownFileType = sourcecode.swift; path = AutoTextView.swift; sourceTree = "<group>"; };
		5B64A8931BDDE55300D5064F /* BlurView.swift */ = {isa = PBXFileReference; fileEncoding = 4; lastKnownFileType = sourcecode.swift; path = BlurView.swift; sourceTree = "<group>"; };
		5B64A8941BDDE55300D5064F /* DesignableButton.swift */ = {isa = PBXFileReference; fileEncoding = 4; lastKnownFileType = sourcecode.swift; path = DesignableButton.swift; sourceTree = "<group>"; };
		5B64A8951BDDE55300D5064F /* DesignableImageView.swift */ = {isa = PBXFileReference; fileEncoding = 4; lastKnownFileType = sourcecode.swift; path = DesignableImageView.swift; sourceTree = "<group>"; };
		5B64A8961BDDE55300D5064F /* DesignableLabel.swift */ = {isa = PBXFileReference; fileEncoding = 4; lastKnownFileType = sourcecode.swift; path = DesignableLabel.swift; sourceTree = "<group>"; };
		5B64A8971BDDE55300D5064F /* DesignableTabBarController.swift */ = {isa = PBXFileReference; fileEncoding = 4; lastKnownFileType = sourcecode.swift; path = DesignableTabBarController.swift; sourceTree = "<group>"; };
		5B64A8981BDDE55300D5064F /* DesignableTextField.swift */ = {isa = PBXFileReference; fileEncoding = 4; lastKnownFileType = sourcecode.swift; path = DesignableTextField.swift; sourceTree = "<group>"; };
		5B64A8991BDDE55300D5064F /* DesignableTextView.swift */ = {isa = PBXFileReference; fileEncoding = 4; lastKnownFileType = sourcecode.swift; path = DesignableTextView.swift; sourceTree = "<group>"; };
		5B64A89A1BDDE55300D5064F /* DesignableView.swift */ = {isa = PBXFileReference; fileEncoding = 4; lastKnownFileType = sourcecode.swift; path = DesignableView.swift; sourceTree = "<group>"; };
		5B64A89B1BDDE55300D5064F /* ImageLoader.swift */ = {isa = PBXFileReference; fileEncoding = 4; lastKnownFileType = sourcecode.swift; path = ImageLoader.swift; sourceTree = "<group>"; };
		5B64A89C1BDDE55300D5064F /* Info.plist */ = {isa = PBXFileReference; fileEncoding = 4; lastKnownFileType = text.plist.xml; path = Info.plist; sourceTree = "<group>"; };
		5B64A89D1BDDE55300D5064F /* KeyboardLayoutConstraint.swift */ = {isa = PBXFileReference; fileEncoding = 4; lastKnownFileType = sourcecode.swift; path = KeyboardLayoutConstraint.swift; sourceTree = "<group>"; };
		5B64A89E1BDDE55300D5064F /* LoadingView.swift */ = {isa = PBXFileReference; fileEncoding = 4; lastKnownFileType = sourcecode.swift; path = LoadingView.swift; sourceTree = "<group>"; };
		5B64A89F1BDDE55300D5064F /* LoadingView.xib */ = {isa = PBXFileReference; fileEncoding = 4; lastKnownFileType = file.xib; path = LoadingView.xib; sourceTree = "<group>"; };
		5B64A8A01BDDE55300D5064F /* Misc.swift */ = {isa = PBXFileReference; fileEncoding = 4; lastKnownFileType = sourcecode.swift; path = Misc.swift; sourceTree = "<group>"; };
		5B64A8A11BDDE55300D5064F /* SoundPlayer.swift */ = {isa = PBXFileReference; fileEncoding = 4; lastKnownFileType = sourcecode.swift; path = SoundPlayer.swift; sourceTree = "<group>"; };
		5B64A8A21BDDE55300D5064F /* Spring.h */ = {isa = PBXFileReference; fileEncoding = 4; lastKnownFileType = sourcecode.c.h; path = Spring.h; sourceTree = "<group>"; };
		5B64A8A31BDDE55300D5064F /* Spring.swift */ = {isa = PBXFileReference; fileEncoding = 4; lastKnownFileType = sourcecode.swift; path = Spring.swift; sourceTree = "<group>"; };
		5B64A8A41BDDE55300D5064F /* SpringAnimation.swift */ = {isa = PBXFileReference; fileEncoding = 4; lastKnownFileType = sourcecode.swift; path = SpringAnimation.swift; sourceTree = "<group>"; };
		5B64A8A51BDDE55300D5064F /* SpringButton.swift */ = {isa = PBXFileReference; fileEncoding = 4; lastKnownFileType = sourcecode.swift; path = SpringButton.swift; sourceTree = "<group>"; };
		5B64A8A61BDDE55300D5064F /* SpringImageView.swift */ = {isa = PBXFileReference; fileEncoding = 4; lastKnownFileType = sourcecode.swift; path = SpringImageView.swift; sourceTree = "<group>"; };
		5B64A8A71BDDE55300D5064F /* SpringLabel.swift */ = {isa = PBXFileReference; fileEncoding = 4; lastKnownFileType = sourcecode.swift; path = SpringLabel.swift; sourceTree = "<group>"; };
		5B64A8A81BDDE55300D5064F /* SpringTextField.swift */ = {isa = PBXFileReference; fileEncoding = 4; lastKnownFileType = sourcecode.swift; path = SpringTextField.swift; sourceTree = "<group>"; };
		5B64A8A91BDDE55300D5064F /* SpringTextView.swift */ = {isa = PBXFileReference; fileEncoding = 4; lastKnownFileType = sourcecode.swift; path = SpringTextView.swift; sourceTree = "<group>"; };
		5B64A8AA1BDDE55300D5064F /* SpringView.swift */ = {isa = PBXFileReference; fileEncoding = 4; lastKnownFileType = sourcecode.swift; path = SpringView.swift; sourceTree = "<group>"; };
		5B64A8AB1BDDE55300D5064F /* TransitionManager.swift */ = {isa = PBXFileReference; fileEncoding = 4; lastKnownFileType = sourcecode.swift; path = TransitionManager.swift; sourceTree = "<group>"; };
		5B64A8AC1BDDE55300D5064F /* TransitionZoom.swift */ = {isa = PBXFileReference; fileEncoding = 4; lastKnownFileType = sourcecode.swift; path = TransitionZoom.swift; sourceTree = "<group>"; };
		5B64A8AD1BDDE55300D5064F /* UnwindSegue.swift */ = {isa = PBXFileReference; fileEncoding = 4; lastKnownFileType = sourcecode.swift; path = UnwindSegue.swift; sourceTree = "<group>"; };
/* End PBXFileReference section */

/* Begin PBXFrameworksBuildPhase section */
		5B64A8581BDDA0AB00D5064F /* Frameworks */ = {
			isa = PBXFrameworksBuildPhase;
			buildActionMask = 2147483647;
			files = (
			);
			runOnlyForDeploymentPostprocessing = 0;
		};
		5B64A86F1BDDA0AB00D5064F /* Frameworks */ = {
			isa = PBXFrameworksBuildPhase;
			buildActionMask = 2147483647;
			files = (
			);
			runOnlyForDeploymentPostprocessing = 0;
		};
		5B64A87A1BDDA0AB00D5064F /* Frameworks */ = {
			isa = PBXFrameworksBuildPhase;
			buildActionMask = 2147483647;
			files = (
			);
			runOnlyForDeploymentPostprocessing = 0;
		};
/* End PBXFrameworksBuildPhase section */

/* Begin PBXGroup section */
		5B2686B41BE1D6B9008D5192 /* fonts */ = {
			isa = PBXGroup;
			children = (
				5B2686B51BE1D6B9008D5192 /* FontAwesome.ttf */,
				5B2686B61BE1D6B9008D5192 /* Lato-Black.ttf */,
				5B2686B71BE1D6B9008D5192 /* Lato-BlackItalic.ttf */,
				5B2686B81BE1D6B9008D5192 /* Lato-Bold.ttf */,
				5B2686B91BE1D6B9008D5192 /* Lato-BoldItalic.ttf */,
				5B2686BA1BE1D6B9008D5192 /* Lato-Hairline.ttf */,
				5B2686BB1BE1D6B9008D5192 /* Lato-HairlineItalic.ttf */,
				5B2686BC1BE1D6B9008D5192 /* Lato-Italic.ttf */,
				5B2686BD1BE1D6B9008D5192 /* Lato-Light.ttf */,
				5B2686BE1BE1D6B9008D5192 /* Lato-LightItalic.ttf */,
				5B2686BF1BE1D6B9008D5192 /* Lato-Regular.ttf */,
				5B2686C01BE1D6B9008D5192 /* Montserrat-Bold.ttf */,
				5B2686C11BE1D6B9008D5192 /* Montserrat-Regular.ttf */,
			);
			path = fonts;
			sourceTree = "<group>";
		};
		5B64A8521BDDA0AB00D5064F = {
			isa = PBXGroup;
			children = (
				5B64A85D1BDDA0AB00D5064F /* QuickQuestionApp */,
				5B64A8751BDDA0AB00D5064F /* QuickQuestionAppTests */,
				5B64A8801BDDA0AB00D5064F /* QuickQuestionAppUITests */,
				5B64A85C1BDDA0AB00D5064F /* Products */,
				5B2686B41BE1D6B9008D5192 /* fonts */,
			);
			sourceTree = "<group>";
		};
		5B64A85C1BDDA0AB00D5064F /* Products */ = {
			isa = PBXGroup;
			children = (
				5B64A85B1BDDA0AB00D5064F /* QuickQuestionApp.app */,
				5B64A8721BDDA0AB00D5064F /* QuickQuestionAppTests.xctest */,
				5B64A87D1BDDA0AB00D5064F /* QuickQuestionAppUITests.xctest */,
			);
			name = Products;
			sourceTree = "<group>";
		};
		5B64A85D1BDDA0AB00D5064F /* QuickQuestionApp */ = {
			isa = PBXGroup;
			children = (
				5B64A88F1BDDE55300D5064F /* Spring */,
				5B64A85E1BDDA0AB00D5064F /* AppDelegate.swift */,
				5B64A8601BDDA0AB00D5064F /* ViewController.swift */,
				5B3DD9BE1BE684A8002C9FD5 /* ExploreViewController.swift */,
				5B0DA1331BEC540E00037BC8 /* ResultsViewController.swift */,
				5B64A8681BDDA0AB00D5064F /* Assets.xcassets */,
				5B2686B11BE1CB4B008D5192 /* Main.storyboard */,
				5B64A86A1BDDA0AB00D5064F /* LaunchScreen.storyboard */,
				5B64A86D1BDDA0AB00D5064F /* Info.plist */,
				5B64A8651BDDA0AB00D5064F /* QuickQuestionApp.xcdatamodeld */,
				5B3DD9C01BE68896002C9FD5 /* Images.xcassets */,
			);
			path = QuickQuestionApp;
			sourceTree = "<group>";
		};
		5B64A8751BDDA0AB00D5064F /* QuickQuestionAppTests */ = {
			isa = PBXGroup;
			children = (
				5B64A8761BDDA0AB00D5064F /* QuickQuestionAppTests.swift */,
				5B64A8781BDDA0AB00D5064F /* Info.plist */,
			);
			path = QuickQuestionAppTests;
			sourceTree = "<group>";
		};
		5B64A8801BDDA0AB00D5064F /* QuickQuestionAppUITests */ = {
			isa = PBXGroup;
			children = (
				5B64A8811BDDA0AC00D5064F /* QuickQuestionAppUITests.swift */,
				5B64A8831BDDA0AC00D5064F /* Info.plist */,
			);
			path = QuickQuestionAppUITests;
			sourceTree = "<group>";
		};
		5B64A88F1BDDE55300D5064F /* Spring */ = {
			isa = PBXGroup;
			children = (
				5B64A8901BDDE55300D5064F /* AsyncButton.swift */,
				5B64A8911BDDE55300D5064F /* AsyncImageView.swift */,
				5B64A8921BDDE55300D5064F /* AutoTextView.swift */,
				5B64A8931BDDE55300D5064F /* BlurView.swift */,
				5B64A8941BDDE55300D5064F /* DesignableButton.swift */,
				5B64A8951BDDE55300D5064F /* DesignableImageView.swift */,
				5B64A8961BDDE55300D5064F /* DesignableLabel.swift */,
				5B64A8971BDDE55300D5064F /* DesignableTabBarController.swift */,
				5B64A8981BDDE55300D5064F /* DesignableTextField.swift */,
				5B64A8991BDDE55300D5064F /* DesignableTextView.swift */,
				5B64A89A1BDDE55300D5064F /* DesignableView.swift */,
				5B64A89B1BDDE55300D5064F /* ImageLoader.swift */,
				5B64A89C1BDDE55300D5064F /* Info.plist */,
				5B64A89D1BDDE55300D5064F /* KeyboardLayoutConstraint.swift */,
				5B64A89E1BDDE55300D5064F /* LoadingView.swift */,
				5B64A89F1BDDE55300D5064F /* LoadingView.xib */,
				5B64A8A01BDDE55300D5064F /* Misc.swift */,
				5B64A8A11BDDE55300D5064F /* SoundPlayer.swift */,
				5B64A8A21BDDE55300D5064F /* Spring.h */,
				5B64A8A31BDDE55300D5064F /* Spring.swift */,
				5B64A8A41BDDE55300D5064F /* SpringAnimation.swift */,
				5B64A8A51BDDE55300D5064F /* SpringButton.swift */,
				5B64A8A61BDDE55300D5064F /* SpringImageView.swift */,
				5B64A8A71BDDE55300D5064F /* SpringLabel.swift */,
				5B64A8A81BDDE55300D5064F /* SpringTextField.swift */,
				5B64A8A91BDDE55300D5064F /* SpringTextView.swift */,
				5B64A8AA1BDDE55300D5064F /* SpringView.swift */,
				5B64A8AB1BDDE55300D5064F /* TransitionManager.swift */,
				5B64A8AC1BDDE55300D5064F /* TransitionZoom.swift */,
				5B64A8AD1BDDE55300D5064F /* UnwindSegue.swift */,
			);
			path = Spring;
			sourceTree = "<group>";
		};
/* End PBXGroup section */

/* Begin PBXNativeTarget section */
		5B64A85A1BDDA0AB00D5064F /* QuickQuestionApp */ = {
			isa = PBXNativeTarget;
			buildConfigurationList = 5B64A8861BDDA0AC00D5064F /* Build configuration list for PBXNativeTarget "QuickQuestionApp" */;
			buildPhases = (
				5B64A8571BDDA0AB00D5064F /* Sources */,
				5B64A8581BDDA0AB00D5064F /* Frameworks */,
				5B64A8591BDDA0AB00D5064F /* Resources */,
			);
			buildRules = (
			);
			dependencies = (
			);
			name = QuickQuestionApp;
			productName = QuickQuestionApp;
			productReference = 5B64A85B1BDDA0AB00D5064F /* QuickQuestionApp.app */;
			productType = "com.apple.product-type.application";
		};
		5B64A8711BDDA0AB00D5064F /* QuickQuestionAppTests */ = {
			isa = PBXNativeTarget;
			buildConfigurationList = 5B64A8891BDDA0AC00D5064F /* Build configuration list for PBXNativeTarget "QuickQuestionAppTests" */;
			buildPhases = (
				5B64A86E1BDDA0AB00D5064F /* Sources */,
				5B64A86F1BDDA0AB00D5064F /* Frameworks */,
				5B64A8701BDDA0AB00D5064F /* Resources */,
			);
			buildRules = (
			);
			dependencies = (
				5B64A8741BDDA0AB00D5064F /* PBXTargetDependency */,
			);
			name = QuickQuestionAppTests;
			productName = QuickQuestionAppTests;
			productReference = 5B64A8721BDDA0AB00D5064F /* QuickQuestionAppTests.xctest */;
			productType = "com.apple.product-type.bundle.unit-test";
		};
		5B64A87C1BDDA0AB00D5064F /* QuickQuestionAppUITests */ = {
			isa = PBXNativeTarget;
			buildConfigurationList = 5B64A88C1BDDA0AC00D5064F /* Build configuration list for PBXNativeTarget "QuickQuestionAppUITests" */;
			buildPhases = (
				5B64A8791BDDA0AB00D5064F /* Sources */,
				5B64A87A1BDDA0AB00D5064F /* Frameworks */,
				5B64A87B1BDDA0AB00D5064F /* Resources */,
			);
			buildRules = (
			);
			dependencies = (
				5B64A87F1BDDA0AB00D5064F /* PBXTargetDependency */,
			);
			name = QuickQuestionAppUITests;
			productName = QuickQuestionAppUITests;
			productReference = 5B64A87D1BDDA0AB00D5064F /* QuickQuestionAppUITests.xctest */;
			productType = "com.apple.product-type.bundle.ui-testing";
		};
/* End PBXNativeTarget section */

/* Begin PBXProject section */
		5B64A8531BDDA0AB00D5064F /* Project object */ = {
			isa = PBXProject;
			attributes = {
				LastSwiftUpdateCheck = 0710;
				LastUpgradeCheck = 0710;
				ORGANIZATIONNAME = "Arifin, Yanti";
				TargetAttributes = {
					5B64A85A1BDDA0AB00D5064F = {
						CreatedOnToolsVersion = 7.1;
						DevelopmentTeam = YTM54U54LH;
					};
					5B64A8711BDDA0AB00D5064F = {
						CreatedOnToolsVersion = 7.1;
						DevelopmentTeam = YTM54U54LH;
						TestTargetID = 5B64A85A1BDDA0AB00D5064F;
					};
					5B64A87C1BDDA0AB00D5064F = {
						CreatedOnToolsVersion = 7.1;
						DevelopmentTeam = YTM54U54LH;
						TestTargetID = 5B64A85A1BDDA0AB00D5064F;
					};
				};
			};
			buildConfigurationList = 5B64A8561BDDA0AB00D5064F /* Build configuration list for PBXProject "QuickQuestionApp" */;
			compatibilityVersion = "Xcode 3.2";
			developmentRegion = English;
			hasScannedForEncodings = 0;
			knownRegions = (
				en,
				Base,
			);
			mainGroup = 5B64A8521BDDA0AB00D5064F;
			productRefGroup = 5B64A85C1BDDA0AB00D5064F /* Products */;
			projectDirPath = "";
			projectRoot = "";
			targets = (
				5B64A85A1BDDA0AB00D5064F /* QuickQuestionApp */,
				5B64A8711BDDA0AB00D5064F /* QuickQuestionAppTests */,
				5B64A87C1BDDA0AB00D5064F /* QuickQuestionAppUITests */,
			);
		};
/* End PBXProject section */

/* Begin PBXResourcesBuildPhase section */
		5B64A8591BDDA0AB00D5064F /* Resources */ = {
			isa = PBXResourcesBuildPhase;
			buildActionMask = 2147483647;
			files = (
				5B2686CE1BE1D6B9008D5192 /* Montserrat-Regular.ttf in Resources */,
				5B2686C41BE1D6B9008D5192 /* Lato-BlackItalic.ttf in Resources */,
				5B2686CB1BE1D6B9008D5192 /* Lato-LightItalic.ttf in Resources */,
				5B2686C31BE1D6B9008D5192 /* Lato-Black.ttf in Resources */,
				5B2686C91BE1D6B9008D5192 /* Lato-Italic.ttf in Resources */,
				5B2686C81BE1D6B9008D5192 /* Lato-HairlineItalic.ttf in Resources */,
				5B2686C71BE1D6B9008D5192 /* Lato-Hairline.ttf in Resources */,
				5B64A8BA1BDDE55300D5064F /* Info.plist in Resources */,
				5B2686B31BE1CB4B008D5192 /* Main.storyboard in Resources */,
				5B64A86C1BDDA0AB00D5064F /* LaunchScreen.storyboard in Resources */,
				5B64A8691BDDA0AB00D5064F /* Assets.xcassets in Resources */,
				5B2686CD1BE1D6B9008D5192 /* Montserrat-Bold.ttf in Resources */,
				5B64A8BD1BDDE55300D5064F /* LoadingView.xib in Resources */,
				5B2686CC1BE1D6B9008D5192 /* Lato-Regular.ttf in Resources */,
				5B2686C51BE1D6B9008D5192 /* Lato-Bold.ttf in Resources */,
				5B3DD9C11BE68896002C9FD5 /* Images.xcassets in Resources */,
				5B2686C21BE1D6B9008D5192 /* FontAwesome.ttf in Resources */,
				5B2686C61BE1D6B9008D5192 /* Lato-BoldItalic.ttf in Resources */,
				5B2686CA1BE1D6B9008D5192 /* Lato-Light.ttf in Resources */,
			);
			runOnlyForDeploymentPostprocessing = 0;
		};
		5B64A8701BDDA0AB00D5064F /* Resources */ = {
			isa = PBXResourcesBuildPhase;
			buildActionMask = 2147483647;
			files = (
			);
			runOnlyForDeploymentPostprocessing = 0;
		};
		5B64A87B1BDDA0AB00D5064F /* Resources */ = {
			isa = PBXResourcesBuildPhase;
			buildActionMask = 2147483647;
			files = (
			);
			runOnlyForDeploymentPostprocessing = 0;
		};
/* End PBXResourcesBuildPhase section */

/* Begin PBXSourcesBuildPhase section */
		5B64A8571BDDA0AB00D5064F /* Sources */ = {
			isa = PBXSourcesBuildPhase;
			buildActionMask = 2147483647;
			files = (
				5B64A8B41BDDE55300D5064F /* DesignableLabel.swift in Sources */,
				5B64A8C31BDDE55300D5064F /* SpringImageView.swift in Sources */,
				5B64A8B01BDDE55300D5064F /* AutoTextView.swift in Sources */,
				5B64A8B91BDDE55300D5064F /* ImageLoader.swift in Sources */,
				5B64A8BE1BDDE55300D5064F /* Misc.swift in Sources */,
				5B64A8B11BDDE55300D5064F /* BlurView.swift in Sources */,
				5B64A8CA1BDDE55300D5064F /* UnwindSegue.swift in Sources */,
				5B0DA1341BEC540E00037BC8 /* ResultsViewController.swift in Sources */,
				5B64A8BC1BDDE55300D5064F /* LoadingView.swift in Sources */,
				5B64A8C51BDDE55300D5064F /* SpringTextField.swift in Sources */,
				5B64A8C01BDDE55300D5064F /* Spring.swift in Sources */,
				5B64A8671BDDA0AB00D5064F /* QuickQuestionApp.xcdatamodeld in Sources */,
				5B64A8BF1BDDE55300D5064F /* SoundPlayer.swift in Sources */,
				5B64A8B81BDDE55300D5064F /* DesignableView.swift in Sources */,
				5B64A8B51BDDE55300D5064F /* DesignableTabBarController.swift in Sources */,
				5B64A8B21BDDE55300D5064F /* DesignableButton.swift in Sources */,
				5B64A8611BDDA0AB00D5064F /* ViewController.swift in Sources */,
				5B64A8C91BDDE55300D5064F /* TransitionZoom.swift in Sources */,
				5B64A8B61BDDE55300D5064F /* DesignableTextField.swift in Sources */,
				5B64A8C81BDDE55300D5064F /* TransitionManager.swift in Sources */,
				5B3DD9BF1BE684A8002C9FD5 /* ExploreViewController.swift in Sources */,
				5B64A8C41BDDE55300D5064F /* SpringLabel.swift in Sources */,
				5B64A8AE1BDDE55300D5064F /* AsyncButton.swift in Sources */,
				5B64A8AF1BDDE55300D5064F /* AsyncImageView.swift in Sources */,
				5B64A8B71BDDE55300D5064F /* DesignableTextView.swift in Sources */,
				5B64A8C71BDDE55300D5064F /* SpringView.swift in Sources */,
				5B64A8C61BDDE55300D5064F /* SpringTextView.swift in Sources */,
				5B64A8BB1BDDE55300D5064F /* KeyboardLayoutConstraint.swift in Sources */,
				5B64A8C21BDDE55300D5064F /* SpringButton.swift in Sources */,
				5B64A8C11BDDE55300D5064F /* SpringAnimation.swift in Sources */,
				5B64A8B31BDDE55300D5064F /* DesignableImageView.swift in Sources */,
				5B64A85F1BDDA0AB00D5064F /* AppDelegate.swift in Sources */,
			);
			runOnlyForDeploymentPostprocessing = 0;
		};
		5B64A86E1BDDA0AB00D5064F /* Sources */ = {
			isa = PBXSourcesBuildPhase;
			buildActionMask = 2147483647;
			files = (
				5B64A8771BDDA0AB00D5064F /* QuickQuestionAppTests.swift in Sources */,
			);
			runOnlyForDeploymentPostprocessing = 0;
		};
		5B64A8791BDDA0AB00D5064F /* Sources */ = {
			isa = PBXSourcesBuildPhase;
			buildActionMask = 2147483647;
			files = (
				5B64A8821BDDA0AC00D5064F /* QuickQuestionAppUITests.swift in Sources */,
			);
			runOnlyForDeploymentPostprocessing = 0;
		};
/* End PBXSourcesBuildPhase section */

/* Begin PBXTargetDependency section */
		5B64A8741BDDA0AB00D5064F /* PBXTargetDependency */ = {
			isa = PBXTargetDependency;
			target = 5B64A85A1BDDA0AB00D5064F /* QuickQuestionApp */;
			targetProxy = 5B64A8731BDDA0AB00D5064F /* PBXContainerItemProxy */;
		};
		5B64A87F1BDDA0AB00D5064F /* PBXTargetDependency */ = {
			isa = PBXTargetDependency;
			target = 5B64A85A1BDDA0AB00D5064F /* QuickQuestionApp */;
			targetProxy = 5B64A87E1BDDA0AB00D5064F /* PBXContainerItemProxy */;
		};
/* End PBXTargetDependency section */

/* Begin PBXVariantGroup section */
		5B2686B11BE1CB4B008D5192 /* Main.storyboard */ = {
			isa = PBXVariantGroup;
			children = (
				5B2686B21BE1CB4B008D5192 /* Base */,
			);
			name = Main.storyboard;
			sourceTree = "<group>";
		};
		5B64A86A1BDDA0AB00D5064F /* LaunchScreen.storyboard */ = {
			isa = PBXVariantGroup;
			children = (
				5B64A86B1BDDA0AB00D5064F /* Base */,
			);
			name = LaunchScreen.storyboard;
			sourceTree = "<group>";
		};
/* End PBXVariantGroup section */

/* Begin XCBuildConfiguration section */
		5B64A8841BDDA0AC00D5064F /* Debug */ = {
			isa = XCBuildConfiguration;
			buildSettings = {
				ALWAYS_SEARCH_USER_PATHS = NO;
				CLANG_CXX_LANGUAGE_STANDARD = "gnu++0x";
				CLANG_CXX_LIBRARY = "libc++";
				CLANG_ENABLE_MODULES = YES;
				CLANG_ENABLE_OBJC_ARC = YES;
				CLANG_WARN_BOOL_CONVERSION = YES;
				CLANG_WARN_CONSTANT_CONVERSION = YES;
				CLANG_WARN_DIRECT_OBJC_ISA_USAGE = YES_ERROR;
				CLANG_WARN_EMPTY_BODY = YES;
				CLANG_WARN_ENUM_CONVERSION = YES;
				CLANG_WARN_INT_CONVERSION = YES;
				CLANG_WARN_OBJC_ROOT_CLASS = YES_ERROR;
				CLANG_WARN_UNREACHABLE_CODE = YES;
				CLANG_WARN__DUPLICATE_METHOD_MATCH = YES;
				"CODE_SIGN_IDENTITY[sdk=iphoneos*]" = "iPhone Developer";
				COPY_PHASE_STRIP = NO;
				DEBUG_INFORMATION_FORMAT = dwarf;
				ENABLE_STRICT_OBJC_MSGSEND = YES;
				ENABLE_TESTABILITY = YES;
				GCC_C_LANGUAGE_STANDARD = gnu99;
				GCC_DYNAMIC_NO_PIC = NO;
				GCC_NO_COMMON_BLOCKS = YES;
				GCC_OPTIMIZATION_LEVEL = 0;
				GCC_PREPROCESSOR_DEFINITIONS = (
					"DEBUG=1",
					"$(inherited)",
				);
				GCC_WARN_64_TO_32_BIT_CONVERSION = YES;
				GCC_WARN_ABOUT_RETURN_TYPE = YES_ERROR;
				GCC_WARN_UNDECLARED_SELECTOR = YES;
				GCC_WARN_UNINITIALIZED_AUTOS = YES_AGGRESSIVE;
				GCC_WARN_UNUSED_FUNCTION = YES;
				GCC_WARN_UNUSED_VARIABLE = YES;
				IPHONEOS_DEPLOYMENT_TARGET = 9.1;
				MTL_ENABLE_DEBUG_INFO = YES;
				ONLY_ACTIVE_ARCH = YES;
				SDKROOT = iphoneos;
				SWIFT_OPTIMIZATION_LEVEL = "-Onone";
			};
			name = Debug;
		};
		5B64A8851BDDA0AC00D5064F /* Release */ = {
			isa = XCBuildConfiguration;
			buildSettings = {
				ALWAYS_SEARCH_USER_PATHS = NO;
				CLANG_CXX_LANGUAGE_STANDARD = "gnu++0x";
				CLANG_CXX_LIBRARY = "libc++";
				CLANG_ENABLE_MODULES = YES;
				CLANG_ENABLE_OBJC_ARC = YES;
				CLANG_WARN_BOOL_CONVERSION = YES;
				CLANG_WARN_CONSTANT_CONVERSION = YES;
				CLANG_WARN_DIRECT_OBJC_ISA_USAGE = YES_ERROR;
				CLANG_WARN_EMPTY_BODY = YES;
				CLANG_WARN_ENUM_CONVERSION = YES;
				CLANG_WARN_INT_CONVERSION = YES;
				CLANG_WARN_OBJC_ROOT_CLASS = YES_ERROR;
				CLANG_WARN_UNREACHABLE_CODE = YES;
				CLANG_WARN__DUPLICATE_METHOD_MATCH = YES;
				"CODE_SIGN_IDENTITY[sdk=iphoneos*]" = "iPhone Developer";
				COPY_PHASE_STRIP = NO;
				DEBUG_INFORMATION_FORMAT = "dwarf-with-dsym";
				ENABLE_NS_ASSERTIONS = NO;
				ENABLE_STRICT_OBJC_MSGSEND = YES;
				GCC_C_LANGUAGE_STANDARD = gnu99;
				GCC_NO_COMMON_BLOCKS = YES;
				GCC_WARN_64_TO_32_BIT_CONVERSION = YES;
				GCC_WARN_ABOUT_RETURN_TYPE = YES_ERROR;
				GCC_WARN_UNDECLARED_SELECTOR = YES;
				GCC_WARN_UNINITIALIZED_AUTOS = YES_AGGRESSIVE;
				GCC_WARN_UNUSED_FUNCTION = YES;
				GCC_WARN_UNUSED_VARIABLE = YES;
				IPHONEOS_DEPLOYMENT_TARGET = 9.1;
				MTL_ENABLE_DEBUG_INFO = NO;
				SDKROOT = iphoneos;
				VALIDATE_PRODUCT = YES;
			};
			name = Release;
		};
		5B64A8871BDDA0AC00D5064F /* Debug */ = {
			isa = XCBuildConfiguration;
			buildSettings = {
				ASSETCATALOG_COMPILER_APPICON_NAME = "AppIcon-2";
				INFOPLIST_FILE = QuickQuestionApp/Info.plist;
				LD_RUNPATH_SEARCH_PATHS = "$(inherited) @executable_path/Frameworks";
				PRODUCT_BUNDLE_IDENTIFIER = yantronica.QuickQuestionApp;
				PRODUCT_NAME = "$(TARGET_NAME)";
				SDKROOT = iphoneos9.1;
			};
			name = Debug;
		};
		5B64A8881BDDA0AC00D5064F /* Release */ = {
			isa = XCBuildConfiguration;
			buildSettings = {
				ASSETCATALOG_COMPILER_APPICON_NAME = "AppIcon-2";
				INFOPLIST_FILE = QuickQuestionApp/Info.plist;
				LD_RUNPATH_SEARCH_PATHS = "$(inherited) @executable_path/Frameworks";
				PRODUCT_BUNDLE_IDENTIFIER = yantronica.QuickQuestionApp;
				PRODUCT_NAME = "$(TARGET_NAME)";
				SDKROOT = iphoneos9.1;
			};
			name = Release;
		};
		5B64A88A1BDDA0AC00D5064F /* Debug */ = {
			isa = XCBuildConfiguration;
			buildSettings = {
				BUNDLE_LOADER = "$(TEST_HOST)";
				INFOPLIST_FILE = QuickQuestionAppTests/Info.plist;
				LD_RUNPATH_SEARCH_PATHS = "$(inherited) @executable_path/Frameworks @loader_path/Frameworks";
				PRODUCT_BUNDLE_IDENTIFIER = yantronica.QuickQuestionAppTests;
				PRODUCT_NAME = "$(TARGET_NAME)";
				TEST_HOST = "$(BUILT_PRODUCTS_DIR)/QuickQuestionApp.app/QuickQuestionApp";
			};
			name = Debug;
		};
		5B64A88B1BDDA0AC00D5064F /* Release */ = {
			isa = XCBuildConfiguration;
			buildSettings = {
				BUNDLE_LOADER = "$(TEST_HOST)";
				INFOPLIST_FILE = QuickQuestionAppTests/Info.plist;
				LD_RUNPATH_SEARCH_PATHS = "$(inherited) @executable_path/Frameworks @loader_path/Frameworks";
				PRODUCT_BUNDLE_IDENTIFIER = yantronica.QuickQuestionAppTests;
				PRODUCT_NAME = "$(TARGET_NAME)";
				TEST_HOST = "$(BUILT_PRODUCTS_DIR)/QuickQuestionApp.app/QuickQuestionApp";
			};
			name = Release;
		};
		5B64A88D1BDDA0AC00D5064F /* Debug */ = {
			isa = XCBuildConfiguration;
			buildSettings = {
				INFOPLIST_FILE = QuickQuestionAppUITests/Info.plist;
				LD_RUNPATH_SEARCH_PATHS = "$(inherited) @executable_path/Frameworks @loader_path/Frameworks";
				PRODUCT_BUNDLE_IDENTIFIER = yantronica.QuickQuestionAppUITests;
				PRODUCT_NAME = "$(TARGET_NAME)";
				TEST_TARGET_NAME = QuickQuestionApp;
				USES_XCTRUNNER = YES;
			};
			name = Debug;
		};
		5B64A88E1BDDA0AC00D5064F /* Release */ = {
			isa = XCBuildConfiguration;
			buildSettings = {
				INFOPLIST_FILE = QuickQuestionAppUITests/Info.plist;
				LD_RUNPATH_SEARCH_PATHS = "$(inherited) @executable_path/Frameworks @loader_path/Frameworks";
				PRODUCT_BUNDLE_IDENTIFIER = yantronica.QuickQuestionAppUITests;
				PRODUCT_NAME = "$(TARGET_NAME)";
				TEST_TARGET_NAME = QuickQuestionApp;
				USES_XCTRUNNER = YES;
			};
			name = Release;
		};
/* End XCBuildConfiguration section */

/* Begin XCConfigurationList section */
		5B64A8561BDDA0AB00D5064F /* Build configuration list for PBXProject "QuickQuestionApp" */ = {
			isa = XCConfigurationList;
			buildConfigurations = (
				5B64A8841BDDA0AC00D5064F /* Debug */,
				5B64A8851BDDA0AC00D5064F /* Release */,
			);
			defaultConfigurationIsVisible = 0;
			defaultConfigurationName = Release;
		};
		5B64A8861BDDA0AC00D5064F /* Build configuration list for PBXNativeTarget "QuickQuestionApp" */ = {
			isa = XCConfigurationList;
			buildConfigurations = (
				5B64A8871BDDA0AC00D5064F /* Debug */,
				5B64A8881BDDA0AC00D5064F /* Release */,
			);
			defaultConfigurationIsVisible = 0;
			defaultConfigurationName = Release;
		};
		5B64A8891BDDA0AC00D5064F /* Build configuration list for PBXNativeTarget "QuickQuestionAppTests" */ = {
			isa = XCConfigurationList;
			buildConfigurations = (
				5B64A88A1BDDA0AC00D5064F /* Debug */,
				5B64A88B1BDDA0AC00D5064F /* Release */,
			);
			defaultConfigurationIsVisible = 0;
			defaultConfigurationName = Release;
		};
		5B64A88C1BDDA0AC00D5064F /* Build configuration list for PBXNativeTarget "QuickQuestionAppUITests" */ = {
			isa = XCConfigurationList;
			buildConfigurations = (
				5B64A88D1BDDA0AC00D5064F /* Debug */,
				5B64A88E1BDDA0AC00D5064F /* Release */,
			);
			defaultConfigurationIsVisible = 0;
			defaultConfigurationName = Release;
		};
/* End XCConfigurationList section */

/* Begin XCVersionGroup section */
		5B64A8651BDDA0AB00D5064F /* QuickQuestionApp.xcdatamodeld */ = {
			isa = XCVersionGroup;
			children = (
				5B64A8661BDDA0AB00D5064F /* QuickQuestionApp.xcdatamodel */,
			);
			currentVersion = 5B64A8661BDDA0AB00D5064F /* QuickQuestionApp.xcdatamodel */;
			path = QuickQuestionApp.xcdatamodeld;
			sourceTree = "<group>";
			versionGroupType = wrapper.xcdatamodel;
		};
/* End XCVersionGroup section */
	};
	rootObject = 5B64A8531BDDA0AB00D5064F /* Project object */;
}
